// !$*UTF8*$!
{
	archiveVersion = 1;
	classes = {
	};
	objectVersion = 77;
	objects = {

/* Begin PBXContainerItemProxy section */
		AA61EFF62D92AB4E009114F2 /* PBXContainerItemProxy */ = {
			isa = PBXContainerItemProxy;
			containerPortal = AA61EFDB2D92AB4D009114F2 /* Project object */;
			proxyType = 1;
			remoteGlobalIDString = AA61EFE22D92AB4D009114F2;
			remoteInfo = PickABite;
		};
		AA61F0002D92AB4E009114F2 /* PBXContainerItemProxy */ = {
			isa = PBXContainerItemProxy;
			containerPortal = AA61EFDB2D92AB4D009114F2 /* Project object */;
			proxyType = 1;
			remoteGlobalIDString = AA61EFE22D92AB4D009114F2;
			remoteInfo = PickABite;
		};
/* End PBXContainerItemProxy section */

/* Begin PBXFileReference section */
		AA61EFE32D92AB4D009114F2 /* PickABite.app */ = {isa = PBXFileReference; explicitFileType = wrapper.application; includeInIndex = 0; path = PickABite.app; sourceTree = BUILT_PRODUCTS_DIR; };
		AA61EFF52D92AB4E009114F2 /* PickABiteTests.xctest */ = {isa = PBXFileReference; explicitFileType = wrapper.cfbundle; includeInIndex = 0; path = PickABiteTests.xctest; sourceTree = BUILT_PRODUCTS_DIR; };
		AA61EFFF2D92AB4E009114F2 /* PickABiteUITests.xctest */ = {isa = PBXFileReference; explicitFileType = wrapper.cfbundle; includeInIndex = 0; path = PickABiteUITests.xctest; sourceTree = BUILT_PRODUCTS_DIR; };
/* End PBXFileReference section */

/* Begin PBXFileSystemSynchronizedBuildFileExceptionSet section */
		AAFE91FD2DA6B033009374F5 /* Exceptions for "PickABite" folder in "PickABite" target */ = {
			isa = PBXFileSystemSynchronizedBuildFileExceptionSet;
			membershipExceptions = (
				Info.plist,
			);
			target = AA61EFE22D92AB4D009114F2 /* PickABite */;
		};
/* End PBXFileSystemSynchronizedBuildFileExceptionSet section */

/* Begin PBXFileSystemSynchronizedRootGroup section */
		AA61EFE52D92AB4D009114F2 /* PickABite */ = {
			isa = PBXFileSystemSynchronizedRootGroup;
			exceptions = (
				AAFE91FD2DA6B033009374F5 /* Exceptions for "PickABite" folder in "PickABite" target */,
			);
			path = PickABite;
			sourceTree = "<group>";
		};
		AA61EFF82D92AB4E009114F2 /* PickABiteTests */ = {
			isa = PBXFileSystemSynchronizedRootGroup;
			path = PickABiteTests;
			sourceTree = "<group>";
		};
		AA61F0022D92AB4E009114F2 /* PickABiteUITests */ = {
			isa = PBXFileSystemSynchronizedRootGroup;
			path = PickABiteUITests;
			sourceTree = "<group>";
		};
/* End PBXFileSystemSynchronizedRootGroup section */

/* Begin PBXFrameworksBuildPhase section */
		AA61EFE02D92AB4D009114F2 /* Frameworks */ = {
			isa = PBXFrameworksBuildPhase;
			buildActionMask = 2147483647;
			files = (
			);
			runOnlyForDeploymentPostprocessing = 0;
		};
		AA61EFF22D92AB4E009114F2 /* Frameworks */ = {
			isa = PBXFrameworksBuildPhase;
			buildActionMask = 2147483647;
			files = (
			);
			runOnlyForDeploymentPostprocessing = 0;
		};
		AA61EFFC2D92AB4E009114F2 /* Frameworks */ = {
			isa = PBXFrameworksBuildPhase;
			buildActionMask = 2147483647;
			files = (
			);
			runOnlyForDeploymentPostprocessing = 0;
		};
/* End PBXFrameworksBuildPhase section */

/* Begin PBXGroup section */
		AA61EFDA2D92AB4D009114F2 = {
			isa = PBXGroup;
			children = (
				AA61EFE52D92AB4D009114F2 /* PickABite */,
				AA61EFF82D92AB4E009114F2 /* PickABiteTests */,
				AA61F0022D92AB4E009114F2 /* PickABiteUITests */,
				AA61EFE42D92AB4D009114F2 /* Products */,
			);
			sourceTree = "<group>";
		};
		AA61EFE42D92AB4D009114F2 /* Products */ = {
			isa = PBXGroup;
			children = (
				AA61EFE32D92AB4D009114F2 /* PickABite.app */,
				AA61EFF52D92AB4E009114F2 /* PickABiteTests.xctest */,
				AA61EFFF2D92AB4E009114F2 /* PickABiteUITests.xctest */,
			);
			name = Products;
			sourceTree = "<group>";
		};
/* End PBXGroup section */

/* Begin PBXNativeTarget section */
		AA61EFE22D92AB4D009114F2 /* PickABite */ = {
			isa = PBXNativeTarget;
			buildConfigurationList = AA61F0092D92AB4E009114F2 /* Build configuration list for PBXNativeTarget "PickABite" */;
			buildPhases = (
				AA61EFDF2D92AB4D009114F2 /* Sources */,
				AA61EFE02D92AB4D009114F2 /* Frameworks */,
				AA61EFE12D92AB4D009114F2 /* Resources */,
			);
			buildRules = (
			);
			dependencies = (
			);
			fileSystemSynchronizedGroups = (
				AA61EFE52D92AB4D009114F2 /* PickABite */,
			);
			name = PickABite;
			packageProductDependencies = (
			);
			productName = PickABite;
			productReference = AA61EFE32D92AB4D009114F2 /* PickABite.app */;
			productType = "com.apple.product-type.application";
		};
		AA61EFF42D92AB4E009114F2 /* PickABiteTests */ = {
			isa = PBXNativeTarget;
			buildConfigurationList = AA61F00C2D92AB4E009114F2 /* Build configuration list for PBXNativeTarget "PickABiteTests" */;
			buildPhases = (
				AA61EFF12D92AB4E009114F2 /* Sources */,
				AA61EFF22D92AB4E009114F2 /* Frameworks */,
				AA61EFF32D92AB4E009114F2 /* Resources */,
			);
			buildRules = (
			);
			dependencies = (
				AA61EFF72D92AB4E009114F2 /* PBXTargetDependency */,
			);
			fileSystemSynchronizedGroups = (
				AA61EFF82D92AB4E009114F2 /* PickABiteTests */,
			);
			name = PickABiteTests;
			packageProductDependencies = (
			);
			productName = PickABiteTests;
			productReference = AA61EFF52D92AB4E009114F2 /* PickABiteTests.xctest */;
			productType = "com.apple.product-type.bundle.unit-test";
		};
		AA61EFFE2D92AB4E009114F2 /* PickABiteUITests */ = {
			isa = PBXNativeTarget;
			buildConfigurationList = AA61F00F2D92AB4E009114F2 /* Build configuration list for PBXNativeTarget "PickABiteUITests" */;
			buildPhases = (
				AA61EFFB2D92AB4E009114F2 /* Sources */,
				AA61EFFC2D92AB4E009114F2 /* Frameworks */,
				AA61EFFD2D92AB4E009114F2 /* Resources */,
			);
			buildRules = (
			);
			dependencies = (
				AA61F0012D92AB4E009114F2 /* PBXTargetDependency */,
			);
			fileSystemSynchronizedGroups = (
				AA61F0022D92AB4E009114F2 /* PickABiteUITests */,
			);
			name = PickABiteUITests;
			packageProductDependencies = (
			);
			productName = PickABiteUITests;
			productReference = AA61EFFF2D92AB4E009114F2 /* PickABiteUITests.xctest */;
			productType = "com.apple.product-type.bundle.ui-testing";
		};
/* End PBXNativeTarget section */

/* Begin PBXProject section */
		AA61EFDB2D92AB4D009114F2 /* Project object */ = {
			isa = PBXProject;
			attributes = {
				BuildIndependentTargetsInParallel = 1;
				LastSwiftUpdateCheck = 1620;
				LastUpgradeCheck = 1620;
				TargetAttributes = {
					AA61EFE22D92AB4D009114F2 = {
						CreatedOnToolsVersion = 16.2;
					};
					AA61EFF42D92AB4E009114F2 = {
						CreatedOnToolsVersion = 16.2;
						TestTargetID = AA61EFE22D92AB4D009114F2;
					};
					AA61EFFE2D92AB4E009114F2 = {
						CreatedOnToolsVersion = 16.2;
						TestTargetID = AA61EFE22D92AB4D009114F2;
					};
				};
			};
			buildConfigurationList = AA61EFDE2D92AB4D009114F2 /* Build configuration list for PBXProject "PickABite" */;
			developmentRegion = en;
			hasScannedForEncodings = 0;
			knownRegions = (
				en,
				Base,
			);
			mainGroup = AA61EFDA2D92AB4D009114F2;
			minimizedProjectReferenceProxies = 1;
			preferredProjectObjectVersion = 77;
			productRefGroup = AA61EFE42D92AB4D009114F2 /* Products */;
			projectDirPath = "";
			projectRoot = "";
			targets = (
				AA61EFE22D92AB4D009114F2 /* PickABite */,
				AA61EFF42D92AB4E009114F2 /* PickABiteTests */,
				AA61EFFE2D92AB4E009114F2 /* PickABiteUITests */,
			);
		};
/* End PBXProject section */

/* Begin PBXResourcesBuildPhase section */
		AA61EFE12D92AB4D009114F2 /* Resources */ = {
			isa = PBXResourcesBuildPhase;
			buildActionMask = 2147483647;
			files = (
			);
			runOnlyForDeploymentPostprocessing = 0;
		};
		AA61EFF32D92AB4E009114F2 /* Resources */ = {
			isa = PBXResourcesBuildPhase;
			buildActionMask = 2147483647;
			files = (
			);
			runOnlyForDeploymentPostprocessing = 0;
		};
		AA61EFFD2D92AB4E009114F2 /* Resources */ = {
			isa = PBXResourcesBuildPhase;
			buildActionMask = 2147483647;
			files = (
			);
			runOnlyForDeploymentPostprocessing = 0;
		};
/* End PBXResourcesBuildPhase section */

/* Begin PBXSourcesBuildPhase section */
		AA61EFDF2D92AB4D009114F2 /* Sources */ = {
			isa = PBXSourcesBuildPhase;
			buildActionMask = 2147483647;
			files = (
			);
			runOnlyForDeploymentPostprocessing = 0;
		};
		AA61EFF12D92AB4E009114F2 /* Sources */ = {
			isa = PBXSourcesBuildPhase;
			buildActionMask = 2147483647;
			files = (
			);
			runOnlyForDeploymentPostprocessing = 0;
		};
		AA61EFFB2D92AB4E009114F2 /* Sources */ = {
			isa = PBXSourcesBuildPhase;
			buildActionMask = 2147483647;
			files = (
			);
			runOnlyForDeploymentPostprocessing = 0;
		};
/* End PBXSourcesBuildPhase section */

/* Begin PBXTargetDependency section */
		AA61EFF72D92AB4E009114F2 /* PBXTargetDependency */ = {
			isa = PBXTargetDependency;
			target = AA61EFE22D92AB4D009114F2 /* PickABite */;
			targetProxy = AA61EFF62D92AB4E009114F2 /* PBXContainerItemProxy */;
		};
		AA61F0012D92AB4E009114F2 /* PBXTargetDependency */ = {
			isa = PBXTargetDependency;
			target = AA61EFE22D92AB4D009114F2 /* PickABite */;
			targetProxy = AA61F0002D92AB4E009114F2 /* PBXContainerItemProxy */;
		};
/* End PBXTargetDependency section */

/* Begin XCBuildConfiguration section */
		AA61F0072D92AB4E009114F2 /* Debug */ = {
			isa = XCBuildConfiguration;
			buildSettings = {
				ALWAYS_SEARCH_USER_PATHS = NO;
				ASSETCATALOG_COMPILER_GENERATE_SWIFT_ASSET_SYMBOL_EXTENSIONS = YES;
				CLANG_ANALYZER_NONNULL = YES;
				CLANG_ANALYZER_NUMBER_OBJECT_CONVERSION = YES_AGGRESSIVE;
				CLANG_CXX_LANGUAGE_STANDARD = "gnu++20";
				CLANG_ENABLE_MODULES = YES;
				CLANG_ENABLE_OBJC_ARC = YES;
				CLANG_ENABLE_OBJC_WEAK = YES;
				CLANG_WARN_BLOCK_CAPTURE_AUTORELEASING = YES;
				CLANG_WARN_BOOL_CONVERSION = YES;
				CLANG_WARN_COMMA = YES;
				CLANG_WARN_CONSTANT_CONVERSION = YES;
				CLANG_WARN_DEPRECATED_OBJC_IMPLEMENTATIONS = YES;
				CLANG_WARN_DIRECT_OBJC_ISA_USAGE = YES_ERROR;
				CLANG_WARN_DOCUMENTATION_COMMENTS = YES;
				CLANG_WARN_EMPTY_BODY = YES;
				CLANG_WARN_ENUM_CONVERSION = YES;
				CLANG_WARN_INFINITE_RECURSION = YES;
				CLANG_WARN_INT_CONVERSION = YES;
				CLANG_WARN_NON_LITERAL_NULL_CONVERSION = YES;
				CLANG_WARN_OBJC_IMPLICIT_RETAIN_SELF = YES;
				CLANG_WARN_OBJC_LITERAL_CONVERSION = YES;
				CLANG_WARN_OBJC_ROOT_CLASS = YES_ERROR;
				CLANG_WARN_QUOTED_INCLUDE_IN_FRAMEWORK_HEADER = YES;
				CLANG_WARN_RANGE_LOOP_ANALYSIS = YES;
				CLANG_WARN_STRICT_PROTOTYPES = YES;
				CLANG_WARN_SUSPICIOUS_MOVE = YES;
				CLANG_WARN_UNGUARDED_AVAILABILITY = YES_AGGRESSIVE;
				CLANG_WARN_UNREACHABLE_CODE = YES;
				CLANG_WARN__DUPLICATE_METHOD_MATCH = YES;
				COPY_PHASE_STRIP = NO;
				DEBUG_INFORMATION_FORMAT = dwarf;
				ENABLE_STRICT_OBJC_MSGSEND = YES;
				ENABLE_TESTABILITY = YES;
				ENABLE_USER_SCRIPT_SANDBOXING = YES;
				GCC_C_LANGUAGE_STANDARD = gnu17;
				GCC_DYNAMIC_NO_PIC = NO;
				GCC_NO_COMMON_BLOCKS = YES;
				GCC_OPTIMIZATION_LEVEL = 0;
				GCC_PREPROCESSOR_DEFINITIONS = (
					"DEBUG=1",
					"$(inherited)",
				);
				GCC_WARN_64_TO_32_BIT_CONVERSION = YES;
				GCC_WARN_ABOUT_RETURN_TYPE = YES_ERROR;
				GCC_WARN_UNDECLARED_SELECTOR = YES;
				GCC_WARN_UNINITIALIZED_AUTOS = YES_AGGRESSIVE;
				GCC_WARN_UNUSED_FUNCTION = YES;
				GCC_WARN_UNUSED_VARIABLE = YES;
				IPHONEOS_DEPLOYMENT_TARGET = 18.2;
				LOCALIZATION_PREFERS_STRING_CATALOGS = YES;
				MTL_ENABLE_DEBUG_INFO = INCLUDE_SOURCE;
				MTL_FAST_MATH = YES;
				ONLY_ACTIVE_ARCH = YES;
				SDKROOT = iphoneos;
				SWIFT_ACTIVE_COMPILATION_CONDITIONS = "DEBUG $(inherited)";
				SWIFT_OPTIMIZATION_LEVEL = "-Onone";
			};
			name = Debug;
		};
		AA61F0082D92AB4E009114F2 /* Release */ = {
			isa = XCBuildConfiguration;
			buildSettings = {
				ALWAYS_SEARCH_USER_PATHS = NO;
				ASSETCATALOG_COMPILER_GENERATE_SWIFT_ASSET_SYMBOL_EXTENSIONS = YES;
				CLANG_ANALYZER_NONNULL = YES;
				CLANG_ANALYZER_NUMBER_OBJECT_CONVERSION = YES_AGGRESSIVE;
				CLANG_CXX_LANGUAGE_STANDARD = "gnu++20";
				CLANG_ENABLE_MODULES = YES;
				CLANG_ENABLE_OBJC_ARC = YES;
				CLANG_ENABLE_OBJC_WEAK = YES;
				CLANG_WARN_BLOCK_CAPTURE_AUTORELEASING = YES;
				CLANG_WARN_BOOL_CONVERSION = YES;
				CLANG_WARN_COMMA = YES;
				CLANG_WARN_CONSTANT_CONVERSION = YES;
				CLANG_WARN_DEPRECATED_OBJC_IMPLEMENTATIONS = YES;
				CLANG_WARN_DIRECT_OBJC_ISA_USAGE = YES_ERROR;
				CLANG_WARN_DOCUMENTATION_COMMENTS = YES;
				CLANG_WARN_EMPTY_BODY = YES;
				CLANG_WARN_ENUM_CONVERSION = YES;
				CLANG_WARN_INFINITE_RECURSION = YES;
				CLANG_WARN_INT_CONVERSION = YES;
				CLANG_WARN_NON_LITERAL_NULL_CONVERSION = YES;
				CLANG_WARN_OBJC_IMPLICIT_RETAIN_SELF = YES;
				CLANG_WARN_OBJC_LITERAL_CONVERSION = YES;
				CLANG_WARN_OBJC_ROOT_CLASS = YES_ERROR;
				CLANG_WARN_QUOTED_INCLUDE_IN_FRAMEWORK_HEADER = YES;
				CLANG_WARN_RANGE_LOOP_ANALYSIS = YES;
				CLANG_WARN_STRICT_PROTOTYPES = YES;
				CLANG_WARN_SUSPICIOUS_MOVE = YES;
				CLANG_WARN_UNGUARDED_AVAILABILITY = YES_AGGRESSIVE;
				CLANG_WARN_UNREACHABLE_CODE = YES;
				CLANG_WARN__DUPLICATE_METHOD_MATCH = YES;
				COPY_PHASE_STRIP = NO;
				DEBUG_INFORMATION_FORMAT = "dwarf-with-dsym";
				ENABLE_NS_ASSERTIONS = NO;
				ENABLE_STRICT_OBJC_MSGSEND = YES;
				ENABLE_USER_SCRIPT_SANDBOXING = YES;
				GCC_C_LANGUAGE_STANDARD = gnu17;
				GCC_NO_COMMON_BLOCKS = YES;
				GCC_WARN_64_TO_32_BIT_CONVERSION = YES;
				GCC_WARN_ABOUT_RETURN_TYPE = YES_ERROR;
				GCC_WARN_UNDECLARED_SELECTOR = YES;
				GCC_WARN_UNINITIALIZED_AUTOS = YES_AGGRESSIVE;
				GCC_WARN_UNUSED_FUNCTION = YES;
				GCC_WARN_UNUSED_VARIABLE = YES;
				IPHONEOS_DEPLOYMENT_TARGET = 18.2;
				LOCALIZATION_PREFERS_STRING_CATALOGS = YES;
				MTL_ENABLE_DEBUG_INFO = NO;
				MTL_FAST_MATH = YES;
				SDKROOT = iphoneos;
				SWIFT_COMPILATION_MODE = wholemodule;
				VALIDATE_PRODUCT = YES;
			};
			name = Release;
		};
		AA61F00A2D92AB4E009114F2 /* Debug */ = {
			isa = XCBuildConfiguration;
			buildSettings = {
				ASSETCATALOG_COMPILER_APPICON_NAME = AppIcon;
				ASSETCATALOG_COMPILER_GLOBAL_ACCENT_COLOR_NAME = AccentColor;
				ASSETCATALOG_COMPILER_INCLUDE_ALL_APPICON_ASSETS = NO;
				CODE_SIGN_STYLE = Automatic;
				CURRENT_PROJECT_VERSION = 1;
				DEVELOPMENT_ASSET_PATHS = "\"PickABite/Preview Content\"";
				DEVELOPMENT_TEAM = BWQ84S563U;
				ENABLE_PREVIEWS = YES;
				GENERATE_INFOPLIST_FILE = YES;
				INFOPLIST_FILE = PickABite/Info.plist;
				INFOPLIST_KEY_CFBundleDisplayName = "Pick a Bite";
				INFOPLIST_KEY_LSApplicationCategoryType = "public.app-category.food-and-drink";
				INFOPLIST_KEY_UIApplicationSceneManifest_Generation = YES;
				INFOPLIST_KEY_UIApplicationSupportsIndirectInputEvents = YES;
				INFOPLIST_KEY_UILaunchStoryboardName = LaunchScreen.storyboard;
				INFOPLIST_KEY_UISupportedInterfaceOrientations_iPad = "UIInterfaceOrientationPortrait UIInterfaceOrientationPortraitUpsideDown UIInterfaceOrientationLandscapeLeft UIInterfaceOrientationLandscapeRight";
				INFOPLIST_KEY_UISupportedInterfaceOrientations_iPhone = "UIInterfaceOrientationPortrait UIInterfaceOrientationLandscapeLeft UIInterfaceOrientationLandscapeRight";
				LD_RUNPATH_SEARCH_PATHS = (
					"$(inherited)",
					"@executable_path/Frameworks",
				);
				MARKETING_VERSION = 1.0;
				PRODUCT_BUNDLE_IDENTIFIER = com.team30.PickABite;
				PRODUCT_NAME = "$(TARGET_NAME)";
				SUPPORTED_PLATFORMS = "iphoneos iphonesimulator";
				SUPPORTS_MACCATALYST = NO;
				SUPPORTS_MAC_DESIGNED_FOR_IPHONE_IPAD = NO;
				SUPPORTS_XR_DESIGNED_FOR_IPHONE_IPAD = NO;
				SWIFT_EMIT_LOC_STRINGS = YES;
				SWIFT_VERSION = 5.0;
				TARGETED_DEVICE_FAMILY = 1;
			};
			name = Debug;
		};
		AA61F00B2D92AB4E009114F2 /* Release */ = {
			isa = XCBuildConfiguration;
			buildSettings = {
				ASSETCATALOG_COMPILER_APPICON_NAME = AppIcon;
				ASSETCATALOG_COMPILER_GLOBAL_ACCENT_COLOR_NAME = AccentColor;
				ASSETCATALOG_COMPILER_INCLUDE_ALL_APPICON_ASSETS = NO;
				CODE_SIGN_STYLE = Automatic;
				CURRENT_PROJECT_VERSION = 1;
				DEVELOPMENT_ASSET_PATHS = "\"PickABite/Preview Content\"";
				DEVELOPMENT_TEAM = BWQ84S563U;
				ENABLE_PREVIEWS = YES;
				GENERATE_INFOPLIST_FILE = YES;
				INFOPLIST_FILE = PickABite/Info.plist;
				INFOPLIST_KEY_CFBundleDisplayName = "Pick a Bite";
				INFOPLIST_KEY_LSApplicationCategoryType = "public.app-category.food-and-drink";
				INFOPLIST_KEY_UIApplicationSceneManifest_Generation = YES;
				INFOPLIST_KEY_UIApplicationSupportsIndirectInputEvents = YES;
				INFOPLIST_KEY_UILaunchStoryboardName = LaunchScreen.storyboard;
				INFOPLIST_KEY_UISupportedInterfaceOrientations_iPad = "UIInterfaceOrientationPortrait UIInterfaceOrientationPortraitUpsideDown UIInterfaceOrientationLandscapeLeft UIInterfaceOrientationLandscapeRight";
				INFOPLIST_KEY_UISupportedInterfaceOrientations_iPhone = "UIInterfaceOrientationPortrait UIInterfaceOrientationLandscapeLeft UIInterfaceOrientationLandscapeRight";
				LD_RUNPATH_SEARCH_PATHS = (
					"$(inherited)",
					"@executable_path/Frameworks",
				);
				MARKETING_VERSION = 1.0;
				PRODUCT_BUNDLE_IDENTIFIER = com.team30.PickABite;
				PRODUCT_NAME = "$(TARGET_NAME)";
				SUPPORTED_PLATFORMS = "iphoneos iphonesimulator";
				SUPPORTS_MACCATALYST = NO;
				SUPPORTS_MAC_DESIGNED_FOR_IPHONE_IPAD = NO;
				SUPPORTS_XR_DESIGNED_FOR_IPHONE_IPAD = NO;
				SWIFT_EMIT_LOC_STRINGS = YES;
				SWIFT_VERSION = 5.0;
				TARGETED_DEVICE_FAMILY = 1;
			};
			name = Release;
		};
		AA61F00D2D92AB4E009114F2 /* Debug */ = {
			isa = XCBuildConfiguration;
			buildSettings = {
				BUNDLE_LOADER = "$(TEST_HOST)";
				CODE_SIGN_STYLE = Automatic;
				CURRENT_PROJECT_VERSION = 1;
				DEVELOPMENT_TEAM = BWQ84S563U;
				GENERATE_INFOPLIST_FILE = YES;
				IPHONEOS_DEPLOYMENT_TARGET = 18.2;
				MARKETING_VERSION = 1.0;
				PRODUCT_BUNDLE_IDENTIFIER = com.team30.PickABiteTests;
				PRODUCT_NAME = "$(TARGET_NAME)";
				SWIFT_EMIT_LOC_STRINGS = NO;
				SWIFT_VERSION = 5.0;
				TARGETED_DEVICE_FAMILY = "1,2";
				TEST_HOST = "$(BUILT_PRODUCTS_DIR)/PickABite.app/$(BUNDLE_EXECUTABLE_FOLDER_PATH)/PickABite";
			};
			name = Debug;
		};
		AA61F00E2D92AB4E009114F2 /* Release */ = {
			isa = XCBuildConfiguration;
			buildSettings = {
				BUNDLE_LOADER = "$(TEST_HOST)";
				CODE_SIGN_STYLE = Automatic;
				CURRENT_PROJECT_VERSION = 1;
				DEVELOPMENT_TEAM = BWQ84S563U;
				GENERATE_INFOPLIST_FILE = YES;
				IPHONEOS_DEPLOYMENT_TARGET = 18.2;
				MARKETING_VERSION = 1.0;
				PRODUCT_BUNDLE_IDENTIFIER = com.team30.PickABiteTests;
				PRODUCT_NAME = "$(TARGET_NAME)";
				SWIFT_EMIT_LOC_STRINGS = NO;
				SWIFT_VERSION = 5.0;
				TARGETED_DEVICE_FAMILY = "1,2";
				TEST_HOST = "$(BUILT_PRODUCTS_DIR)/PickABite.app/$(BUNDLE_EXECUTABLE_FOLDER_PATH)/PickABite";
			};
			name = Release;
		};
		AA61F0102D92AB4E009114F2 /* Debug */ = {
			isa = XCBuildConfiguration;
			buildSettings = {
				CODE_SIGN_STYLE = Automatic;
				CURRENT_PROJECT_VERSION = 1;
				DEVELOPMENT_TEAM = BWQ84S563U;
				GENERATE_INFOPLIST_FILE = YES;
				MARKETING_VERSION = 1.0;
				PRODUCT_BUNDLE_IDENTIFIER = com.team30.PickABiteUITests;
				PRODUCT_NAME = "$(TARGET_NAME)";
				SWIFT_EMIT_LOC_STRINGS = NO;
				SWIFT_VERSION = 5.0;
				TARGETED_DEVICE_FAMILY = "1,2";
				TEST_TARGET_NAME = PickABite;
			};
			name = Debug;
		};
		AA61F0112D92AB4E009114F2 /* Release */ = {
			isa = XCBuildConfiguration;
			buildSettings = {
				CODE_SIGN_STYLE = Automatic;
				CURRENT_PROJECT_VERSION = 1;
				DEVELOPMENT_TEAM = BWQ84S563U;
				GENERATE_INFOPLIST_FILE = YES;
				MARKETING_VERSION = 1.0;
				PRODUCT_BUNDLE_IDENTIFIER = com.team30.PickABiteUITests;
				PRODUCT_NAME = "$(TARGET_NAME)";
				SWIFT_EMIT_LOC_STRINGS = NO;
				SWIFT_VERSION = 5.0;
				TARGETED_DEVICE_FAMILY = "1,2";
				TEST_TARGET_NAME = PickABite;
			};
			name = Release;
		};
/* End XCBuildConfiguration section */

/* Begin XCConfigurationList section */
		AA61EFDE2D92AB4D009114F2 /* Build configuration list for PBXProject "PickABite" */ = {
			isa = XCConfigurationList;
			buildConfigurations = (
				AA61F0072D92AB4E009114F2 /* Debug */,
				AA61F0082D92AB4E009114F2 /* Release */,
			);
			defaultConfigurationIsVisible = 0;
			defaultConfigurationName = Release;
		};
		AA61F0092D92AB4E009114F2 /* Build configuration list for PBXNativeTarget "PickABite" */ = {
			isa = XCConfigurationList;
			buildConfigurations = (
				AA61F00A2D92AB4E009114F2 /* Debug */,
				AA61F00B2D92AB4E009114F2 /* Release */,
			);
			defaultConfigurationIsVisible = 0;
			defaultConfigurationName = Release;
		};
		AA61F00C2D92AB4E009114F2 /* Build configuration list for PBXNativeTarget "PickABiteTests" */ = {
			isa = XCConfigurationList;
			buildConfigurations = (
				AA61F00D2D92AB4E009114F2 /* Debug */,
				AA61F00E2D92AB4E009114F2 /* Release */,
			);
			defaultConfigurationIsVisible = 0;
			defaultConfigurationName = Release;
		};
		AA61F00F2D92AB4E009114F2 /* Build configuration list for PBXNativeTarget "PickABiteUITests" */ = {
			isa = XCConfigurationList;
			buildConfigurations = (
				AA61F0102D92AB4E009114F2 /* Debug */,
				AA61F0112D92AB4E009114F2 /* Release */,
			);
			defaultConfigurationIsVisible = 0;
			defaultConfigurationName = Release;
		};
/* End XCConfigurationList section */
	};
	rootObject = AA61EFDB2D92AB4D009114F2 /* Project object */;
}
